
Microsoft Visual Studio Solution File, Format Version 12.00
# Visual Studio Version 16
VisualStudioVersion = 16.0.29418.71
MinimumVisualStudioVersion = 10.0.40219.1
Project("{FAE04EC0-301F-11D3-BF4B-00C04F79EFBC}") = "Solution.API", "Solution.API\Solution.API.csproj", "{CBC26678-E841-4638-B164-A2A6E4DD6712}"
EndProject
Project("{FAE04EC0-301F-11D3-BF4B-00C04F79EFBC}") = "Solution.BS", "Solution.BS\Solution.BS.csproj", "{093E2F81-F76F-4146-A4B6-5B51BFD8051B}"
EndProject
Project("{FAE04EC0-301F-11D3-BF4B-00C04F79EFBC}") = "Solution.DAL", "Solution.DAL\Solution.DAL.csproj", "{087976E0-48FE-4279-9246-4AE2BAA32DB8}"
EndProject
Project("{FAE04EC0-301F-11D3-BF4B-00C04F79EFBC}") = "Solution.DAL.EF", "Solution.DAL.EF\Solution.DAL.EF.csproj", "{2668A1CD-8F1F-47B5-B1C4-28A5F800756A}"
EndProject
Project("{FAE04EC0-301F-11D3-BF4B-00C04F79EFBC}") = "Solution.DAL.Repository", "Solution.DAL.Repository\Solution.DAL.Repository.csproj", "{F9B5990C-08D2-474F-8A79-990FA3A20CAE}"
EndProject
Project("{FAE04EC0-301F-11D3-BF4B-00C04F79EFBC}") = "Solution.DO", "Solution.DO\Solution.DO.csproj", "{E06FCBE8-0327-4D05-870C-0FCA11B3FFD6}"
EndProject
Global
	GlobalSection(SolutionConfigurationPlatforms) = preSolution
		Debug|Any CPU = Debug|Any CPU
		Release|Any CPU = Release|Any CPU
	EndGlobalSection
	GlobalSection(ProjectConfigurationPlatforms) = postSolution
		{CBC26678-E841-4638-B164-A2A6E4DD6712}.Debug|Any CPU.ActiveCfg = Debug|Any CPU
		{CBC26678-E841-4638-B164-A2A6E4DD6712}.Debug|Any CPU.Build.0 = Debug|Any CPU
		{CBC26678-E841-4638-B164-A2A6E4DD6712}.Release|Any CPU.ActiveCfg = Release|Any CPU
		{CBC26678-E841-4638-B164-A2A6E4DD6712}.Release|Any CPU.Build.0 = Release|Any CPU
		{093E2F81-F76F-4146-A4B6-5B51BFD8051B}.Debug|Any CPU.ActiveCfg = Debug|Any CPU
		{093E2F81-F76F-4146-A4B6-5B51BFD8051B}.Debug|Any CPU.Build.0 = Debug|Any CPU
		{093E2F81-F76F-4146-A4B6-5B51BFD8051B}.Release|Any CPU.ActiveCfg = Release|Any CPU
		{093E2F81-F76F-4146-A4B6-5B51BFD8051B}.Release|Any CPU.Build.0 = Release|Any CPU
		{087976E0-48FE-4279-9246-4AE2BAA32DB8}.Debug|Any CPU.ActiveCfg = Debug|Any CPU
		{087976E0-48FE-4279-9246-4AE2BAA32DB8}.Debug|Any CPU.Build.0 = Debug|Any CPU
		{087976E0-48FE-4279-9246-4AE2BAA32DB8}.Release|Any CPU.ActiveCfg = Release|Any CPU
		{087976E0-48FE-4279-9246-4AE2BAA32DB8}.Release|Any CPU.Build.0 = Release|Any CPU
		{2668A1CD-8F1F-47B5-B1C4-28A5F800756A}.Debug|Any CPU.ActiveCfg = Debug|Any CPU
		{2668A1CD-8F1F-47B5-B1C4-28A5F800756A}.Debug|Any CPU.Build.0 = Debug|Any CPU
		{2668A1CD-8F1F-47B5-B1C4-28A5F800756A}.Release|Any CPU.ActiveCfg = Release|Any CPU
		{2668A1CD-8F1F-47B5-B1C4-28A5F800756A}.Release|Any CPU.Build.0 = Release|Any CPU
		{F9B5990C-08D2-474F-8A79-990FA3A20CAE}.Debug|Any CPU.ActiveCfg = Debug|Any CPU
		{F9B5990C-08D2-474F-8A79-990FA3A20CAE}.Debug|Any CPU.Build.0 = Debug|Any CPU
		{F9B5990C-08D2-474F-8A79-990FA3A20CAE}.Release|Any CPU.ActiveCfg = Release|Any CPU
		{F9B5990C-08D2-474F-8A79-990FA3A20CAE}.Release|Any CPU.Build.0 = Release|Any CPU
		{E06FCBE8-0327-4D05-870C-0FCA11B3FFD6}.Debug|Any CPU.ActiveCfg = Debug|Any CPU
		{E06FCBE8-0327-4D05-870C-0FCA11B3FFD6}.Debug|Any CPU.Build.0 = Debug|Any CPU
		{E06FCBE8-0327-4D05-870C-0FCA11B3FFD6}.Release|Any CPU.ActiveCfg = Release|Any CPU
		{E06FCBE8-0327-4D05-870C-0FCA11B3FFD6}.Release|Any CPU.Build.0 = Release|Any CPU
	EndGlobalSection
	GlobalSection(SolutionProperties) = preSolution
		HideSolutionNode = FALSE
	EndGlobalSection
	GlobalSection(ExtensibilityGlobals) = postSolution
		SolutionGuid = {CE2CB528-09A0-456B-8463-3E1AF17923F5}
	EndGlobalSection
EndGlobal
